
Microsoft Visual Studio Solution File, Format Version 12.00
# Visual Studio 2013
Project("{8BC9CEB8-8B4A-11D0-8D11-00A0C91BC942}") = "samuraisenshi", "Intermediate\ProjectFiles\samuraisenshi.vcxproj", "{F519A30B-B6CA-4BEA-A4A2-0CA0EB64681E}"
	ProjectSection(ProjectDependencies) = postProject
	EndProjectSection
EndProject
Global
	GlobalSection(SolutionConfigurationPlatforms) = preSolution
		DebugGame Editor|Windows = DebugGame Editor|Windows
		DebugGame|Windows = DebugGame|Windows
		Development Editor|Windows = Development Editor|Windows
		Development|Windows = Development|Windows
		Shipping|Windows = Shipping|Windows
	EndGlobalSection
	GlobalSection(ProjectConfigurationPlatforms) = postSolution
		{F519A30B-B6CA-4BEA-A4A2-0CA0EB64681E}.DebugGame Editor|Windows.ActiveCfg = DebugGame_Editor|x64
		{F519A30B-B6CA-4BEA-A4A2-0CA0EB64681E}.DebugGame Editor|Windows.Build.0 = DebugGame_Editor|x64
		{F519A30B-B6CA-4BEA-A4A2-0CA0EB64681E}.DebugGame|Windows.ActiveCfg = DebugGame_RocketGame|x64
		{F519A30B-B6CA-4BEA-A4A2-0CA0EB64681E}.DebugGame|Windows.Build.0 = DebugGame_RocketGame|x64
		{F519A30B-B6CA-4BEA-A4A2-0CA0EB64681E}.Development Editor|Windows.ActiveCfg = Development_Editor|x64
		{F519A30B-B6CA-4BEA-A4A2-0CA0EB64681E}.Development Editor|Windows.Build.0 = Development_Editor|x64
		{F519A30B-B6CA-4BEA-A4A2-0CA0EB64681E}.Development|Windows.ActiveCfg = Development_RocketGame|x64
		{F519A30B-B6CA-4BEA-A4A2-0CA0EB64681E}.Development|Windows.Build.0 = Development_RocketGame|x64
		{F519A30B-B6CA-4BEA-A4A2-0CA0EB64681E}.Shipping|Windows.ActiveCfg = Shipping_RocketGame|Win32
		{F519A30B-B6CA-4BEA-A4A2-0CA0EB64681E}.Shipping|Windows.Build.0 = Shipping_RocketGame|Win32
	EndGlobalSection
	GlobalSection(SolutionProperties) = preSolution
		HideSolutionNode = FALSE
	EndGlobalSection
	GlobalSection(NestedProjects) = preSolution
	EndGlobalSection
EndGlobal
